
Microsoft Visual Studio Solution File, Format Version 12.00
# Visual Studio Version 16
VisualStudioVersion = 16.0.34031.81
MinimumVisualStudioVersion = 10.0.40219.1
Project("{FAE04EC0-301F-11D3-BF4B-00C04F79EFBC}") = "LeelosBookstoreAndLibrary", "LeelosBookstoreAndLibrary\LeelosBookstoreAndLibrary.csproj", "{47F36E9B-213C-4042-AB30-891A8BDB14DA}"
EndProject
Project("{2150E333-8FDC-42A3-9474-1A3956D46DE8}") = "DataLayer", "DataLayer", "{BE55D20B-DEFE-47CA-8C4D-41ED308914BD}"
EndProject
Project("{FAE04EC0-301F-11D3-BF4B-00C04F79EFBC}") = "DataLayer", "DataLayer\DataLayer.csproj", "{50FF7EA2-0F8C-4BAD-9B61-15B5DB05A729}"
EndProject
Global
	GlobalSection(SolutionConfigurationPlatforms) = preSolution
		Debug|Any CPU = Debug|Any CPU
		Release|Any CPU = Release|Any CPU
	EndGlobalSection
	GlobalSection(ProjectConfigurationPlatforms) = postSolution
		{47F36E9B-213C-4042-AB30-891A8BDB14DA}.Debug|Any CPU.ActiveCfg = Debug|Any CPU
		{47F36E9B-213C-4042-AB30-891A8BDB14DA}.Debug|Any CPU.Build.0 = Debug|Any CPU
		{47F36E9B-213C-4042-AB30-891A8BDB14DA}.Release|Any CPU.ActiveCfg = Release|Any CPU
		{47F36E9B-213C-4042-AB30-891A8BDB14DA}.Release|Any CPU.Build.0 = Release|Any CPU
		{50FF7EA2-0F8C-4BAD-9B61-15B5DB05A729}.Debug|Any CPU.ActiveCfg = Debug|Any CPU
		{50FF7EA2-0F8C-4BAD-9B61-15B5DB05A729}.Debug|Any CPU.Build.0 = Debug|Any CPU
		{50FF7EA2-0F8C-4BAD-9B61-15B5DB05A729}.Release|Any CPU.ActiveCfg = Release|Any CPU
		{50FF7EA2-0F8C-4BAD-9B61-15B5DB05A729}.Release|Any CPU.Build.0 = Release|Any CPU
	EndGlobalSection
	GlobalSection(SolutionProperties) = preSolution
		HideSolutionNode = FALSE
	EndGlobalSection
	GlobalSection(NestedProjects) = preSolution
		{50FF7EA2-0F8C-4BAD-9B61-15B5DB05A729} = {BE55D20B-DEFE-47CA-8C4D-41ED308914BD}
	EndGlobalSection
	GlobalSection(ExtensibilityGlobals) = postSolution
		SolutionGuid = {4640F56D-EF0B-49F2-A736-D22322FACECA}
	EndGlobalSection
EndGlobal
